Microsoft Visual Studio Solution File, Format Version 8.00
Project("{8BC9CEB8-8B4A-11D0-8D11-00A0C91BC942}") = "all_sdk", "src\all_sdk.vcproj", "{64A07FBF-64D2-45E0-BE3F-1D7A3C422D6E}"
	ProjectSection(ProjectDependencies) = postProject
		{CD2EF908-ED1D-4673-9022-3777A3069B21} = {CD2EF908-ED1D-4673-9022-3777A3069B21}
		{014814FF-AC86-4D78-AD21-0967228D4B85} = {014814FF-AC86-4D78-AD21-0967228D4B85}
		{6D490311-226F-46EA-9D5D-A5B36ADE114B} = {6D490311-226F-46EA-9D5D-A5B36ADE114B}
		{A414D96B-CD66-46E1-99E9-A2C29BE46BFF} = {A414D96B-CD66-46E1-99E9-A2C29BE46BFF}
		{3D080A00-2720-4AB1-9CBE-FC27518FDC1D} = {3D080A00-2720-4AB1-9CBE-FC27518FDC1D}
	EndProjectSection
EndProject
Project("{8BC9CEB8-8B4A-11D0-8D11-00A0C91BC942}") = "lib_map_dynamic", "src\lib\lib_map_dynamic.vcproj", "{753E7428-DD31-42A2-B6F5-710E5A8DE1E2}"
	ProjectSection(ProjectDependencies) = postProject
		{6BDCF96C-7069-4755-B903-48A7E5155ADE} = {6BDCF96C-7069-4755-B903-48A7E5155ADE}
	EndProjectSection
EndProject
Project("{8BC9CEB8-8B4A-11D0-8D11-00A0C91BC942}") = "lib_map_util_dynamic", "..\edcs_mapping_util\src\lib\lib_map_util_dynamic.vcproj", "{6BDCF96C-7069-4755-B903-48A7E5155ADE}"
	ProjectSection(ProjectDependencies) = postProject
	EndProjectSection
EndProject
Project("{8BC9CEB8-8B4A-11D0-8D11-00A0C91BC942}") = "map_3p1_attribute", "src\apps\sample_attribute_mapping\map_3p1_attribute.vcproj", "{A414D96B-CD66-46E1-99E9-A2C29BE46BFF}"
	ProjectSection(ProjectDependencies) = postProject
		{753E7428-DD31-42A2-B6F5-710E5A8DE1E2} = {753E7428-DD31-42A2-B6F5-710E5A8DE1E2}
	EndProjectSection
EndProject
Project("{8BC9CEB8-8B4A-11D0-8D11-00A0C91BC942}") = "map_3p1_classification", "src\apps\sample_class_mapping\map_3p1_classification.vcproj", "{3D080A00-2720-4AB1-9CBE-FC27518FDC1D}"
	ProjectSection(ProjectDependencies) = postProject
		{753E7428-DD31-42A2-B6F5-710E5A8DE1E2} = {753E7428-DD31-42A2-B6F5-710E5A8DE1E2}
	EndProjectSection
EndProject
Project("{8BC9CEB8-8B4A-11D0-8D11-00A0C91BC942}") = "map_3p1_enumerant", "src\apps\sample_enumerant_mapping\map_3p1_enumerant.vcproj", "{CD2EF908-ED1D-4673-9022-3777A3069B21}"
	ProjectSection(ProjectDependencies) = postProject
		{753E7428-DD31-42A2-B6F5-710E5A8DE1E2} = {753E7428-DD31-42A2-B6F5-710E5A8DE1E2}
	EndProjectSection
EndProject
Project("{8BC9CEB8-8B4A-11D0-8D11-00A0C91BC942}") = "map_3p1_group", "src\apps\sample_group_mapping\map_3p1_group.vcproj", "{014814FF-AC86-4D78-AD21-0967228D4B85}"
	ProjectSection(ProjectDependencies) = postProject
		{753E7428-DD31-42A2-B6F5-710E5A8DE1E2} = {753E7428-DD31-42A2-B6F5-710E5A8DE1E2}
	EndProjectSection
EndProject
Project("{8BC9CEB8-8B4A-11D0-8D11-00A0C91BC942}") = "map_3p1_value_characteristic", "src\apps\sample_value_characteristic_mapping\map_3p1_value_characteristic.vcproj", "{6D490311-226F-46EA-9D5D-A5B36ADE114B}"
	ProjectSection(ProjectDependencies) = postProject
		{753E7428-DD31-42A2-B6F5-710E5A8DE1E2} = {753E7428-DD31-42A2-B6F5-710E5A8DE1E2}
	EndProjectSection
EndProject
Global
	GlobalSection(SolutionConfiguration) = preSolution
		Debug = Debug
		Release = Release
	EndGlobalSection
	GlobalSection(ProjectConfiguration) = postSolution
		{64A07FBF-64D2-45E0-BE3F-1D7A3C422D6E}.Debug.ActiveCfg = Debug|Win32
		{64A07FBF-64D2-45E0-BE3F-1D7A3C422D6E}.Debug.Build.0 = Debug|Win32
		{64A07FBF-64D2-45E0-BE3F-1D7A3C422D6E}.Release.ActiveCfg = Release|Win32
		{64A07FBF-64D2-45E0-BE3F-1D7A3C422D6E}.Release.Build.0 = Release|Win32
		{753E7428-DD31-42A2-B6F5-710E5A8DE1E2}.Debug.ActiveCfg = Debug|Win32
		{753E7428-DD31-42A2-B6F5-710E5A8DE1E2}.Debug.Build.0 = Debug|Win32
		{753E7428-DD31-42A2-B6F5-710E5A8DE1E2}.Release.ActiveCfg = Release|Win32
		{753E7428-DD31-42A2-B6F5-710E5A8DE1E2}.Release.Build.0 = Release|Win32
		{6BDCF96C-7069-4755-B903-48A7E5155ADE}.Debug.ActiveCfg = Debug|Win32
		{6BDCF96C-7069-4755-B903-48A7E5155ADE}.Debug.Build.0 = Debug|Win32
		{6BDCF96C-7069-4755-B903-48A7E5155ADE}.Release.ActiveCfg = Release|Win32
		{6BDCF96C-7069-4755-B903-48A7E5155ADE}.Release.Build.0 = Release|Win32
		{A414D96B-CD66-46E1-99E9-A2C29BE46BFF}.Debug.ActiveCfg = Debug|Win32
		{A414D96B-CD66-46E1-99E9-A2C29BE46BFF}.Debug.Build.0 = Debug|Win32
		{A414D96B-CD66-46E1-99E9-A2C29BE46BFF}.Release.ActiveCfg = Release|Win32
		{A414D96B-CD66-46E1-99E9-A2C29BE46BFF}.Release.Build.0 = Release|Win32
		{3D080A00-2720-4AB1-9CBE-FC27518FDC1D}.Debug.ActiveCfg = Debug|Win32
		{3D080A00-2720-4AB1-9CBE-FC27518FDC1D}.Debug.Build.0 = Debug|Win32
		{3D080A00-2720-4AB1-9CBE-FC27518FDC1D}.Release.ActiveCfg = Release|Win32
		{3D080A00-2720-4AB1-9CBE-FC27518FDC1D}.Release.Build.0 = Release|Win32
		{CD2EF908-ED1D-4673-9022-3777A3069B21}.Debug.ActiveCfg = Debug|Win32
		{CD2EF908-ED1D-4673-9022-3777A3069B21}.Debug.Build.0 = Debug|Win32
		{CD2EF908-ED1D-4673-9022-3777A3069B21}.Release.ActiveCfg = Release|Win32
		{CD2EF908-ED1D-4673-9022-3777A3069B21}.Release.Build.0 = Release|Win32
		{014814FF-AC86-4D78-AD21-0967228D4B85}.Debug.ActiveCfg = Debug|Win32
		{014814FF-AC86-4D78-AD21-0967228D4B85}.Debug.Build.0 = Debug|Win32
		{014814FF-AC86-4D78-AD21-0967228D4B85}.Release.ActiveCfg = Release|Win32
		{014814FF-AC86-4D78-AD21-0967228D4B85}.Release.Build.0 = Release|Win32
		{6D490311-226F-46EA-9D5D-A5B36ADE114B}.Debug.ActiveCfg = Debug|Win32
		{6D490311-226F-46EA-9D5D-A5B36ADE114B}.Debug.Build.0 = Debug|Win32
		{6D490311-226F-46EA-9D5D-A5B36ADE114B}.Release.ActiveCfg = Release|Win32
		{6D490311-226F-46EA-9D5D-A5B36ADE114B}.Release.Build.0 = Release|Win32
	EndGlobalSection
	GlobalSection(ExtensibilityGlobals) = postSolution
	EndGlobalSection
	GlobalSection(ExtensibilityAddIns) = postSolution
	EndGlobalSection
EndGlobal
